
Microsoft Visual Studio Solution File, Format Version 12.00
# Visual Studio Version 16
VisualStudioVersion = 16.0.30002.166
MinimumVisualStudioVersion = 10.0.40219.1
Project("{FAE04EC0-301F-11D3-BF4B-00C04F79EFBC}") = "ExportExcel", "ExportExcel\ExportExcel.csproj", "{35558752-B84C-4334-A270-F829B82B0DCD}"
EndProject
Project("{FAE04EC0-301F-11D3-BF4B-00C04F79EFBC}") = "DbCOM", "DbCom\DbCOM.csproj", "{100B734D-0AE4-4973-86AD-879CCDFE4B17}"
EndProject
Global
	GlobalSection(SolutionConfigurationPlatforms) = preSolution
		Debug|Any CPU = Debug|Any CPU
		Release|Any CPU = Release|Any CPU
	EndGlobalSection
	GlobalSection(ProjectConfigurationPlatforms) = postSolution
		{35558752-B84C-4334-A270-F829B82B0DCD}.Debug|Any CPU.ActiveCfg = Debug|Any CPU
		{35558752-B84C-4334-A270-F829B82B0DCD}.Debug|Any CPU.Build.0 = Debug|Any CPU
		{35558752-B84C-4334-A270-F829B82B0DCD}.Release|Any CPU.ActiveCfg = Release|Any CPU
		{35558752-B84C-4334-A270-F829B82B0DCD}.Release|Any CPU.Build.0 = Release|Any CPU
		{100B734D-0AE4-4973-86AD-879CCDFE4B17}.Debug|Any CPU.ActiveCfg = Debug|Any CPU
		{100B734D-0AE4-4973-86AD-879CCDFE4B17}.Debug|Any CPU.Build.0 = Debug|Any CPU
		{100B734D-0AE4-4973-86AD-879CCDFE4B17}.Release|Any CPU.ActiveCfg = Release|Any CPU
		{100B734D-0AE4-4973-86AD-879CCDFE4B17}.Release|Any CPU.Build.0 = Release|Any CPU
	EndGlobalSection
	GlobalSection(SolutionProperties) = preSolution
		HideSolutionNode = FALSE
	EndGlobalSection
	GlobalSection(ExtensibilityGlobals) = postSolution
		SolutionGuid = {C49321D8-D3E4-4FB0-9E5E-DD8B4E300AB1}
	EndGlobalSection
EndGlobal
